// !$*UTF8*$!
{
	archiveVersion = 1;
	classes = {
	};
	objectVersion = 46;
	objects = {

/* Begin PBXBuildFile section */
		E2686AA419DA9C2A00AB4AAF /* AppDelegate.swift in Sources */ = {isa = PBXBuildFile; fileRef = E2686AA319DA9C2A00AB4AAF /* AppDelegate.swift */; };
		E2686AA619DA9C2A00AB4AAF /* ViewController.swift in Sources */ = {isa = PBXBuildFile; fileRef = E2686AA519DA9C2A00AB4AAF /* ViewController.swift */; };
		E2686AA919DA9C2A00AB4AAF /* Main.storyboard in Resources */ = {isa = PBXBuildFile; fileRef = E2686AA719DA9C2A00AB4AAF /* Main.storyboard */; };
		E2686AAB19DA9C2A00AB4AAF /* Images.xcassets in Resources */ = {isa = PBXBuildFile; fileRef = E2686AAA19DA9C2A00AB4AAF /* Images.xcassets */; };
		E2686AAE19DA9C2A00AB4AAF /* LaunchScreen.xib in Resources */ = {isa = PBXBuildFile; fileRef = E2686AAC19DA9C2A00AB4AAF /* LaunchScreen.xib */; };
		E2686ABA19DA9C2B00AB4AAF /* AprilLightSDKDemoTests.swift in Sources */ = {isa = PBXBuildFile; fileRef = E2686AB919DA9C2B00AB4AAF /* AprilLightSDKDemoTests.swift */; };
		E2686AC919DAA02B00AB4AAF /* libABLightSDK.a in Frameworks */ = {isa = PBXBuildFile; fileRef = E2686AC819DAA02B00AB4AAF /* libABLightSDK.a */; };
		E2686ACC19DAA38D00AB4AAF /* LightDetail.swift in Sources */ = {isa = PBXBuildFile; fileRef = E2686ACA19DAA38C00AB4AAF /* LightDetail.swift */; };
/* End PBXBuildFile section */

/* Begin PBXContainerItemProxy section */
		E2686AB419DA9C2B00AB4AAF /* PBXContainerItemProxy */ = {
			isa = PBXContainerItemProxy;
			containerPortal = E2686A9619DA9C2A00AB4AAF /* Project object */;
			proxyType = 1;
			remoteGlobalIDString = E2686A9D19DA9C2A00AB4AAF;
			remoteInfo = AprilLightSDKDemo;
		};
/* End PBXContainerItemProxy section */

/* Begin PBXFileReference section */
		E2686A9E19DA9C2A00AB4AAF /* AprilLightSDKDemo.app */ = {isa = PBXFileReference; explicitFileType = wrapper.application; includeInIndex = 0; path = AprilLightSDKDemo.app; sourceTree = BUILT_PRODUCTS_DIR; };
		E2686AA219DA9C2A00AB4AAF /* Info.plist */ = {isa = PBXFileReference; lastKnownFileType = text.plist.xml; path = Info.plist; sourceTree = "<group>"; };
		E2686AA319DA9C2A00AB4AAF /* AppDelegate.swift */ = {isa = PBXFileReference; lastKnownFileType = sourcecode.swift; path = AppDelegate.swift; sourceTree = "<group>"; };
		E2686AA519DA9C2A00AB4AAF /* ViewController.swift */ = {isa = PBXFileReference; lastKnownFileType = sourcecode.swift; path = ViewController.swift; sourceTree = "<group>"; };
		E2686AA819DA9C2A00AB4AAF /* Base */ = {isa = PBXFileReference; lastKnownFileType = file.storyboard; name = Base; path = Base.lproj/Main.storyboard; sourceTree = "<group>"; };
		E2686AAA19DA9C2A00AB4AAF /* Images.xcassets */ = {isa = PBXFileReference; lastKnownFileType = folder.assetcatalog; path = Images.xcassets; sourceTree = "<group>"; };
		E2686AAD19DA9C2A00AB4AAF /* Base */ = {isa = PBXFileReference; lastKnownFileType = file.xib; name = Base; path = Base.lproj/LaunchScreen.xib; sourceTree = "<group>"; };
		E2686AB319DA9C2B00AB4AAF /* AprilLightSDKDemoTests.xctest */ = {isa = PBXFileReference; explicitFileType = wrapper.cfbundle; includeInIndex = 0; path = AprilLightSDKDemoTests.xctest; sourceTree = BUILT_PRODUCTS_DIR; };
		E2686AB819DA9C2B00AB4AAF /* Info.plist */ = {isa = PBXFileReference; lastKnownFileType = text.plist.xml; path = Info.plist; sourceTree = "<group>"; };
		E2686AB919DA9C2B00AB4AAF /* AprilLightSDKDemoTests.swift */ = {isa = PBXFileReference; lastKnownFileType = sourcecode.swift; path = AprilLightSDKDemoTests.swift; sourceTree = "<group>"; };
		E2686AC819DAA02B00AB4AAF /* libABLightSDK.a */ = {isa = PBXFileReference; lastKnownFileType = archive.ar; name = libABLightSDK.a; path = ../ABLightSDK/libABLightSDK.a; sourceTree = "<group>"; };
		E2686ACA19DAA38C00AB4AAF /* LightDetail.swift */ = {isa = PBXFileReference; fileEncoding = 4; lastKnownFileType = sourcecode.swift; path = LightDetail.swift; sourceTree = "<group>"; };
		E2686ACB19DAA38D00AB4AAF /* AprilLightSDKDemo-Bridging-Header.h */ = {isa = PBXFileReference; fileEncoding = 4; lastKnownFileType = sourcecode.c.h; path = "AprilLightSDKDemo-Bridging-Header.h"; sourceTree = "<group>"; };
/* End PBXFileReference section */

/* Begin PBXFrameworksBuildPhase section */
		E2686A9B19DA9C2A00AB4AAF /* Frameworks */ = {
			isa = PBXFrameworksBuildPhase;
			buildActionMask = 2147483647;
			files = (
				E2686AC919DAA02B00AB4AAF /* libABLightSDK.a in Frameworks */,
			);
			runOnlyForDeploymentPostprocessing = 0;
		};
		E2686AB019DA9C2B00AB4AAF /* Frameworks */ = {
			isa = PBXFrameworksBuildPhase;
			buildActionMask = 2147483647;
			files = (
			);
			runOnlyForDeploymentPostprocessing = 0;
		};
/* End PBXFrameworksBuildPhase section */

/* Begin PBXGroup section */
		E2686A9519DA9C2A00AB4AAF = {
			isa = PBXGroup;
			children = (
				E2686AC819DAA02B00AB4AAF /* libABLightSDK.a */,
				E2686AA019DA9C2A00AB4AAF /* AprilLightSDKDemo */,
				E2686AB619DA9C2B00AB4AAF /* AprilLightSDKDemoTests */,
				E2686A9F19DA9C2A00AB4AAF /* Products */,
			);
			sourceTree = "<group>";
		};
		E2686A9F19DA9C2A00AB4AAF /* Products */ = {
			isa = PBXGroup;
			children = (
				E2686A9E19DA9C2A00AB4AAF /* AprilLightSDKDemo.app */,
				E2686AB319DA9C2B00AB4AAF /* AprilLightSDKDemoTests.xctest */,
			);
			name = Products;
			sourceTree = "<group>";
		};
		E2686AA019DA9C2A00AB4AAF /* AprilLightSDKDemo */ = {
			isa = PBXGroup;
			children = (
				E2686ACA19DAA38C00AB4AAF /* LightDetail.swift */,
				E2686ACB19DAA38D00AB4AAF /* AprilLightSDKDemo-Bridging-Header.h */,
				E2686AA319DA9C2A00AB4AAF /* AppDelegate.swift */,
				E2686AA519DA9C2A00AB4AAF /* ViewController.swift */,
				E2686AA719DA9C2A00AB4AAF /* Main.storyboard */,
				E2686AAA19DA9C2A00AB4AAF /* Images.xcassets */,
				E2686AAC19DA9C2A00AB4AAF /* LaunchScreen.xib */,
				E2686AA119DA9C2A00AB4AAF /* Supporting Files */,
			);
			path = AprilLightSDKDemo;
			sourceTree = "<group>";
		};
		E2686AA119DA9C2A00AB4AAF /* Supporting Files */ = {
			isa = PBXGroup;
			children = (
				E2686AA219DA9C2A00AB4AAF /* Info.plist */,
			);
			name = "Supporting Files";
			sourceTree = "<group>";
		};
		E2686AB619DA9C2B00AB4AAF /* AprilLightSDKDemoTests */ = {
			isa = PBXGroup;
			children = (
				E2686AB919DA9C2B00AB4AAF /* AprilLightSDKDemoTests.swift */,
				E2686AB719DA9C2B00AB4AAF /* Supporting Files */,
			);
			path = AprilLightSDKDemoTests;
			sourceTree = "<group>";
		};
		E2686AB719DA9C2B00AB4AAF /* Supporting Files */ = {
			isa = PBXGroup;
			children = (
				E2686AB819DA9C2B00AB4AAF /* Info.plist */,
			);
			name = "Supporting Files";
			sourceTree = "<group>";
		};
/* End PBXGroup section */

/* Begin PBXNativeTarget section */
		E2686A9D19DA9C2A00AB4AAF /* AprilLightSDKDemo */ = {
			isa = PBXNativeTarget;
			buildConfigurationList = E2686ABD19DA9C2B00AB4AAF /* Build configuration list for PBXNativeTarget "AprilLightSDKDemo" */;
			buildPhases = (
				E2686A9A19DA9C2A00AB4AAF /* Sources */,
				E2686A9B19DA9C2A00AB4AAF /* Frameworks */,
				E2686A9C19DA9C2A00AB4AAF /* Resources */,
			);
			buildRules = (
			);
			dependencies = (
			);
			name = AprilLightSDKDemo;
			productName = AprilLightSDKDemo;
			productReference = E2686A9E19DA9C2A00AB4AAF /* AprilLightSDKDemo.app */;
			productType = "com.apple.product-type.application";
		};
		E2686AB219DA9C2B00AB4AAF /* AprilLightSDKDemoTests */ = {
			isa = PBXNativeTarget;
			buildConfigurationList = E2686AC019DA9C2B00AB4AAF /* Build configuration list for PBXNativeTarget "AprilLightSDKDemoTests" */;
			buildPhases = (
				E2686AAF19DA9C2B00AB4AAF /* Sources */,
				E2686AB019DA9C2B00AB4AAF /* Frameworks */,
				E2686AB119DA9C2B00AB4AAF /* Resources */,
			);
			buildRules = (
			);
			dependencies = (
				E2686AB519DA9C2B00AB4AAF /* PBXTargetDependency */,
			);
			name = AprilLightSDKDemoTests;
			productName = AprilLightSDKDemoTests;
			productReference = E2686AB319DA9C2B00AB4AAF /* AprilLightSDKDemoTests.xctest */;
			productType = "com.apple.product-type.bundle.unit-test";
		};
/* End PBXNativeTarget section */

/* Begin PBXProject section */
		E2686A9619DA9C2A00AB4AAF /* Project object */ = {
			isa = PBXProject;
			attributes = {
				LastUpgradeCheck = 0600;
				ORGANIZATIONNAME = AprilBrother;
				TargetAttributes = {
					E2686A9D19DA9C2A00AB4AAF = {
						CreatedOnToolsVersion = 6.0.1;
					};
					E2686AB219DA9C2B00AB4AAF = {
						CreatedOnToolsVersion = 6.0.1;
						TestTargetID = E2686A9D19DA9C2A00AB4AAF;
					};
				};
			};
			buildConfigurationList = E2686A9919DA9C2A00AB4AAF /* Build configuration list for PBXProject "AprilLightSDKDemo" */;
			compatibilityVersion = "Xcode 3.2";
			developmentRegion = English;
			hasScannedForEncodings = 0;
			knownRegions = (
				en,
				Base,
			);
			mainGroup = E2686A9519DA9C2A00AB4AAF;
			productRefGroup = E2686A9F19DA9C2A00AB4AAF /* Products */;
			projectDirPath = "";
			projectRoot = "";
			targets = (
				E2686A9D19DA9C2A00AB4AAF /* AprilLightSDKDemo */,
				E2686AB219DA9C2B00AB4AAF /* AprilLightSDKDemoTests */,
			);
		};
/* End PBXProject section */

/* Begin PBXResourcesBuildPhase section */
		E2686A9C19DA9C2A00AB4AAF /* Resources */ = {
			isa = PBXResourcesBuildPhase;
			buildActionMask = 2147483647;
			files = (
				E2686AA919DA9C2A00AB4AAF /* Main.storyboard in Resources */,
				E2686AAE19DA9C2A00AB4AAF /* LaunchScreen.xib in Resources */,
				E2686AAB19DA9C2A00AB4AAF /* Images.xcassets in Resources */,
			);
			runOnlyForDeploymentPostprocessing = 0;
		};
		E2686AB119DA9C2B00AB4AAF /* Resources */ = {
			isa = PBXResourcesBuildPhase;
			buildActionMask = 2147483647;
			files = (
			);
			runOnlyForDeploymentPostprocessing = 0;
		};
/* End PBXResourcesBuildPhase section */

/* Begin PBXSourcesBuildPhase section */
		E2686A9A19DA9C2A00AB4AAF /* Sources */ = {
			isa = PBXSourcesBuildPhase;
			buildActionMask = 2147483647;
			files = (
				E2686AA619DA9C2A00AB4AAF /* ViewController.swift in Sources */,
				E2686AA419DA9C2A00AB4AAF /* AppDelegate.swift in Sources */,
				E2686ACC19DAA38D00AB4AAF /* LightDetail.swift in Sources */,
			);
			runOnlyForDeploymentPostprocessing = 0;
		};
		E2686AAF19DA9C2B00AB4AAF /* Sources */ = {
			isa = PBXSourcesBuildPhase;
			buildActionMask = 2147483647;
			files = (
				E2686ABA19DA9C2B00AB4AAF /* AprilLightSDKDemoTests.swift in Sources */,
			);
			runOnlyForDeploymentPostprocessing = 0;
		};
/* End PBXSourcesBuildPhase section */

/* Begin PBXTargetDependency section */
		E2686AB519DA9C2B00AB4AAF /* PBXTargetDependency */ = {
			isa = PBXTargetDependency;
			target = E2686A9D19DA9C2A00AB4AAF /* AprilLightSDKDemo */;
			targetProxy = E2686AB419DA9C2B00AB4AAF /* PBXContainerItemProxy */;
		};
/* End PBXTargetDependency section */

/* Begin PBXVariantGroup section */
		E2686AA719DA9C2A00AB4AAF /* Main.storyboard */ = {
			isa = PBXVariantGroup;
			children = (
				E2686AA819DA9C2A00AB4AAF /* Base */,
			);
			name = Main.storyboard;
			sourceTree = "<group>";
		};
		E2686AAC19DA9C2A00AB4AAF /* LaunchScreen.xib */ = {
			isa = PBXVariantGroup;
			children = (
				E2686AAD19DA9C2A00AB4AAF /* Base */,
			);
			name = LaunchScreen.xib;
			sourceTree = "<group>";
		};
/* End PBXVariantGroup section */

/* Begin XCBuildConfiguration section */
		E2686ABB19DA9C2B00AB4AAF /* Debug */ = {
			isa = XCBuildConfiguration;
			buildSettings = {
				ALWAYS_SEARCH_USER_PATHS = NO;
				CLANG_CXX_LANGUAGE_STANDARD = "gnu++0x";
				CLANG_CXX_LIBRARY = "libc++";
				CLANG_ENABLE_MODULES = YES;
				CLANG_ENABLE_OBJC_ARC = YES;
				CLANG_WARN_BOOL_CONVERSION = YES;
				CLANG_WARN_CONSTANT_CONVERSION = YES;
				CLANG_WARN_DIRECT_OBJC_ISA_USAGE = YES_ERROR;
				CLANG_WARN_EMPTY_BODY = YES;
				CLANG_WARN_ENUM_CONVERSION = YES;
				CLANG_WARN_INT_CONVERSION = YES;
				CLANG_WARN_OBJC_ROOT_CLASS = YES_ERROR;
				CLANG_WARN_UNREACHABLE_CODE = YES;
				CLANG_WARN__DUPLICATE_METHOD_MATCH = YES;
				"CODE_SIGN_IDENTITY[sdk=iphoneos*]" = "iPhone Developer";
				COPY_PHASE_STRIP = NO;
				ENABLE_STRICT_OBJC_MSGSEND = YES;
				GCC_C_LANGUAGE_STANDARD = gnu99;
				GCC_DYNAMIC_NO_PIC = NO;
				GCC_OPTIMIZATION_LEVEL = 0;
				GCC_PREPROCESSOR_DEFINITIONS = (
					"DEBUG=1",
					"$(inherited)",
				);
				GCC_SYMBOLS_PRIVATE_EXTERN = NO;
				GCC_WARN_64_TO_32_BIT_CONVERSION = YES;
				GCC_WARN_ABOUT_RETURN_TYPE = YES_ERROR;
				GCC_WARN_UNDECLARED_SELECTOR = YES;
				GCC_WARN_UNINITIALIZED_AUTOS = YES_AGGRESSIVE;
				GCC_WARN_UNUSED_FUNCTION = YES;
				GCC_WARN_UNUSED_VARIABLE = YES;
				IPHONEOS_DEPLOYMENT_TARGET = 8.0;
				MTL_ENABLE_DEBUG_INFO = YES;
				ONLY_ACTIVE_ARCH = YES;
				SDKROOT = iphoneos;
				SWIFT_OPTIMIZATION_LEVEL = "-Onone";
			};
			name = Debug;
		};
		E2686ABC19DA9C2B00AB4AAF /* Release */ = {
			isa = XCBuildConfiguration;
			buildSettings = {
				ALWAYS_SEARCH_USER_PATHS = NO;
				CLANG_CXX_LANGUAGE_STANDARD = "gnu++0x";
				CLANG_CXX_LIBRARY = "libc++";
				CLANG_ENABLE_MODULES = YES;
				CLANG_ENABLE_OBJC_ARC = YES;
				CLANG_WARN_BOOL_CONVERSION = YES;
				CLANG_WARN_CONSTANT_CONVERSION = YES;
				CLANG_WARN_DIRECT_OBJC_ISA_USAGE = YES_ERROR;
				CLANG_WARN_EMPTY_BODY = YES;
				CLANG_WARN_ENUM_CONVERSION = YES;
				CLANG_WARN_INT_CONVERSION = YES;
				CLANG_WARN_OBJC_ROOT_CLASS = YES_ERROR;
				CLANG_WARN_UNREACHABLE_CODE = YES;
				CLANG_WARN__DUPLICATE_METHOD_MATCH = YES;
				"CODE_SIGN_IDENTITY[sdk=iphoneos*]" = "iPhone Developer";
				COPY_PHASE_STRIP = YES;
				ENABLE_NS_ASSERTIONS = NO;
				ENABLE_STRICT_OBJC_MSGSEND = YES;
				GCC_C_LANGUAGE_STANDARD = gnu99;
				GCC_WARN_64_TO_32_BIT_CONVERSION = YES;
				GCC_WARN_ABOUT_RETURN_TYPE = YES_ERROR;
				GCC_WARN_UNDECLARED_SELECTOR = YES;
				GCC_WARN_UNINITIALIZED_AUTOS = YES_AGGRESSIVE;
				GCC_WARN_UNUSED_FUNCTION = YES;
				GCC_WARN_UNUSED_VARIABLE = YES;
				IPHONEOS_DEPLOYMENT_TARGET = 8.0;
				MTL_ENABLE_DEBUG_INFO = NO;
				SDKROOT = iphoneos;
				VALIDATE_PRODUCT = YES;
			};
			name = Release;
		};
		E2686ABE19DA9C2B00AB4AAF /* Debug */ = {
			isa = XCBuildConfiguration;
			buildSettings = {
				ASSETCATALOG_COMPILER_APPICON_NAME = AppIcon;
				HEADER_SEARCH_PATHS = (
					"$(inherited)",
					/Applications/Xcode.app/Contents/Developer/Toolchains/XcodeDefault.xctoolchain/usr/include,
					../ABLightSDK/Headers,
				);
				INFOPLIST_FILE = AprilLightSDKDemo/Info.plist;
				LD_RUNPATH_SEARCH_PATHS = "$(inherited) @executable_path/Frameworks";
				LIBRARY_SEARCH_PATHS = (
					"$(inherited)",
					../ABLightSDK,
				);
				PRODUCT_NAME = "$(TARGET_NAME)";
				SWIFT_OBJC_BRIDGING_HEADER = "$(PROJECT_DIR)/AprilLightSDKDemo/AprilLightSDKDemo-Bridging-Header.h";
			};
			name = Debug;
		};
		E2686ABF19DA9C2B00AB4AAF /* Release */ = {
			isa = XCBuildConfiguration;
			buildSettings = {
				ASSETCATALOG_COMPILER_APPICON_NAME = AppIcon;
				HEADER_SEARCH_PATHS = (
					"$(inherited)",
					/Applications/Xcode.app/Contents/Developer/Toolchains/XcodeDefault.xctoolchain/usr/include,
					../ABLightSDK/Headers,
				);
				INFOPLIST_FILE = AprilLightSDKDemo/Info.plist;
				LD_RUNPATH_SEARCH_PATHS = "$(inherited) @executable_path/Frameworks";
				LIBRARY_SEARCH_PATHS = (
					"$(inherited)",
					../ABLightSDK,
				);
				PRODUCT_NAME = "$(TARGET_NAME)";
				SWIFT_OBJC_BRIDGING_HEADER = "$(PROJECT_DIR)/AprilLightSDKDemo/AprilLightSDKDemo-Bridging-Header.h";
			};
			name = Release;
		};
		E2686AC119DA9C2B00AB4AAF /* Debug */ = {
			isa = XCBuildConfiguration;
			buildSettings = {
				BUNDLE_LOADER = "$(TEST_HOST)";
				FRAMEWORK_SEARCH_PATHS = (
					"$(SDKROOT)/Developer/Library/Frameworks",
					"$(inherited)",
				);
				GCC_PREPROCESSOR_DEFINITIONS = (
					"DEBUG=1",
					"$(inherited)",
				);
				INFOPLIST_FILE = AprilLightSDKDemoTests/Info.plist;
				LD_RUNPATH_SEARCH_PATHS = "$(inherited) @executable_path/Frameworks @loader_path/Frameworks";
				PRODUCT_NAME = "$(TARGET_NAME)";
				TEST_HOST = "$(BUILT_PRODUCTS_DIR)/AprilLightSDKDemo.app/AprilLightSDKDemo";
			};
			name = Debug;
		};
		E2686AC219DA9C2B00AB4AAF /* Release */ = {
			isa = XCBuildConfiguration;
			buildSettings = {
				BUNDLE_LOADER = "$(TEST_HOST)";
				FRAMEWORK_SEARCH_PATHS = (
					"$(SDKROOT)/Developer/Library/Frameworks",
					"$(inherited)",
				);
				INFOPLIST_FILE = AprilLightSDKDemoTests/Info.plist;
				LD_RUNPATH_SEARCH_PATHS = "$(inherited) @executable_path/Frameworks @loader_path/Frameworks";
				PRODUCT_NAME = "$(TARGET_NAME)";
				TEST_HOST = "$(BUILT_PRODUCTS_DIR)/AprilLightSDKDemo.app/AprilLightSDKDemo";
			};
			name = Release;
		};
/* End XCBuildConfiguration section */

/* Begin XCConfigurationList section */
		E2686A9919DA9C2A00AB4AAF /* Build configuration list for PBXProject "AprilLightSDKDemo" */ = {
			isa = XCConfigurationList;
			buildConfigurations = (
				E2686ABB19DA9C2B00AB4AAF /* Debug */,
				E2686ABC19DA9C2B00AB4AAF /* Release */,
			);
			defaultConfigurationIsVisible = 0;
			defaultConfigurationName = Release;
		};
		E2686ABD19DA9C2B00AB4AAF /* Build configuration list for PBXNativeTarget "AprilLightSDKDemo" */ = {
			isa = XCConfigurationList;
			buildConfigurations = (
				E2686ABE19DA9C2B00AB4AAF /* Debug */,
				E2686ABF19DA9C2B00AB4AAF /* Release */,
			);
			defaultConfigurationIsVisible = 0;
			defaultConfigurationName = Release;
		};
		E2686AC019DA9C2B00AB4AAF /* Build configuration list for PBXNativeTarget "AprilLightSDKDemoTests" */ = {
			isa = XCConfigurationList;
			buildConfigurations = (
				E2686AC119DA9C2B00AB4AAF /* Debug */,
				E2686AC219DA9C2B00AB4AAF /* Release */,
			);
			defaultConfigurationIsVisible = 0;
			defaultConfigurationName = Release;
		};
/* End XCConfigurationList section */
	};
	rootObject = E2686A9619DA9C2A00AB4AAF /* Project object */;
}
